
Microsoft Visual Studio Solution File, Format Version 12.00
# Visual Studio Version 16
VisualStudioVersion = 16.0.30503.244
MinimumVisualStudioVersion = 10.0.40219.1
Project("{FAE04EC0-301F-11D3-BF4B-00C04F79EFBC}") = "SecondApplication", "SecondApplication\SecondApplication.csproj", "{4DDF23C9-5D80-4CC5-9DF1-46875B5D5860}"
EndProject
Global
	GlobalSection(SolutionConfigurationPlatforms) = preSolution
		Debug|Any CPU = Debug|Any CPU
		Release|Any CPU = Release|Any CPU
	EndGlobalSection
	GlobalSection(ProjectConfigurationPlatforms) = postSolution
		{4DDF23C9-5D80-4CC5-9DF1-46875B5D5860}.Debug|Any CPU.ActiveCfg = Debug|Any CPU
		{4DDF23C9-5D80-4CC5-9DF1-46875B5D5860}.Debug|Any CPU.Build.0 = Debug|Any CPU
		{4DDF23C9-5D80-4CC5-9DF1-46875B5D5860}.Release|Any CPU.ActiveCfg = Release|Any CPU
		{4DDF23C9-5D80-4CC5-9DF1-46875B5D5860}.Release|Any CPU.Build.0 = Release|Any CPU
	EndGlobalSection
	GlobalSection(SolutionProperties) = preSolution
		HideSolutionNode = FALSE
	EndGlobalSection
	GlobalSection(ExtensibilityGlobals) = postSolution
		SolutionGuid = {EC015310-A0CC-4777-BCDA-9395E6A9BA0C}
	EndGlobalSection
EndGlobal
